
Microsoft Visual Studio Solution File, Format Version 12.00
# Visual Studio 2012
Project("{FAE04EC0-301F-11D3-BF4B-00C04F79EFBC}") = "K4W.KinectDrone.Client", "K4W.KinectDrone.Client\K4W.KinectDrone.Client.csproj", "{1C653C38-38BC-463B-975A-638D66C298BA}"
EndProject
Global
	GlobalSection(SolutionConfigurationPlatforms) = preSolution
		Debug|Any CPU = Debug|Any CPU
		Release|Any CPU = Release|Any CPU
	EndGlobalSection
	GlobalSection(ProjectConfigurationPlatforms) = postSolution
		{1C653C38-38BC-463B-975A-638D66C298BA}.Debug|Any CPU.ActiveCfg = Debug|Any CPU
		{1C653C38-38BC-463B-975A-638D66C298BA}.Debug|Any CPU.Build.0 = Debug|Any CPU
		{1C653C38-38BC-463B-975A-638D66C298BA}.Release|Any CPU.ActiveCfg = Release|Any CPU
		{1C653C38-38BC-463B-975A-638D66C298BA}.Release|Any CPU.Build.0 = Release|Any CPU
	EndGlobalSection
	GlobalSection(SolutionProperties) = preSolution
		HideSolutionNode = FALSE
	EndGlobalSection
EndGlobal
